
Microsoft Visual Studio Solution File, Format Version 12.00
# Visual Studio Version 17
VisualStudioVersion = 17.8.34309.116
MinimumVisualStudioVersion = 10.0.40219.1
Project("{FAE04EC0-301F-11D3-BF4B-00C04F79EFBC}") = "ASP-API", "ASP-API\ASP-API.csproj", "{6EE76926-D20A-4F66-A1DA-8296C04D8D41}"
EndProject
Project("{FAE04EC0-301F-11D3-BF4B-00C04F79EFBC}") = "Infrastructure", "Infrastructure\Infrastructure.csproj", "{69A901F5-FD8B-419D-A264-C1F37F1ED517}"
EndProject
Global
	GlobalSection(SolutionConfigurationPlatforms) = preSolution
		Debug|Any CPU = Debug|Any CPU
		Release|Any CPU = Release|Any CPU
	EndGlobalSection
	GlobalSection(ProjectConfigurationPlatforms) = postSolution
		{6EE76926-D20A-4F66-A1DA-8296C04D8D41}.Debug|Any CPU.ActiveCfg = Debug|Any CPU
		{6EE76926-D20A-4F66-A1DA-8296C04D8D41}.Debug|Any CPU.Build.0 = Debug|Any CPU
		{6EE76926-D20A-4F66-A1DA-8296C04D8D41}.Release|Any CPU.ActiveCfg = Release|Any CPU
		{6EE76926-D20A-4F66-A1DA-8296C04D8D41}.Release|Any CPU.Build.0 = Release|Any CPU
		{69A901F5-FD8B-419D-A264-C1F37F1ED517}.Debug|Any CPU.ActiveCfg = Debug|Any CPU
		{69A901F5-FD8B-419D-A264-C1F37F1ED517}.Debug|Any CPU.Build.0 = Debug|Any CPU
		{69A901F5-FD8B-419D-A264-C1F37F1ED517}.Release|Any CPU.ActiveCfg = Release|Any CPU
		{69A901F5-FD8B-419D-A264-C1F37F1ED517}.Release|Any CPU.Build.0 = Release|Any CPU
	EndGlobalSection
	GlobalSection(SolutionProperties) = preSolution
		HideSolutionNode = FALSE
	EndGlobalSection
	GlobalSection(ExtensibilityGlobals) = postSolution
		SolutionGuid = {E516F959-E3DD-4CED-AEDC-E1F596F9F2AF}
	EndGlobalSection
EndGlobal
